
Microsoft Visual Studio Solution File, Format Version 12.00
# Visual Studio Version 17
VisualStudioVersion = 17.9.34728.123
MinimumVisualStudioVersion = 10.0.40219.1
Project("{9A19103F-16F7-4668-BE54-9A1E7A4F7556}") = "Api", "Api\Api.csproj", "{3F261DBB-C4AC-4AB9-A23C-4BE453579B0D}"
EndProject
Project("{9A19103F-16F7-4668-BE54-9A1E7A4F7556}") = "Contracts", "Contracts\Contracts.csproj", "{B388BABC-AE60-4719-9EF1-2ED7CE09C683}"
EndProject
Project("{2150E333-8FDC-42A3-9474-1A3956D46DE8}") = "Tests", "Tests", "{CE4412C1-478D-4FA5-B88B-55D5DC474C36}"
EndProject
Project("{9A19103F-16F7-4668-BE54-9A1E7A4F7556}") = "UnitTests", "UnitTests\UnitTests.csproj", "{C43821CC-E47D-4475-AA08-1FA65DCDC991}"
EndProject
Project("{9A19103F-16F7-4668-BE54-9A1E7A4F7556}") = "IntegrationTests", "IntegrationTests\IntegrationTests.csproj", "{AC325DE4-CCE1-498F-B6ED-C440FE6A10A4}"
EndProject
Global
	GlobalSection(SolutionConfigurationPlatforms) = preSolution
		Debug|Any CPU = Debug|Any CPU
		Release|Any CPU = Release|Any CPU
	EndGlobalSection
	GlobalSection(ProjectConfigurationPlatforms) = postSolution
		{3F261DBB-C4AC-4AB9-A23C-4BE453579B0D}.Debug|Any CPU.ActiveCfg = Debug|Any CPU
		{3F261DBB-C4AC-4AB9-A23C-4BE453579B0D}.Debug|Any CPU.Build.0 = Debug|Any CPU
		{3F261DBB-C4AC-4AB9-A23C-4BE453579B0D}.Release|Any CPU.ActiveCfg = Release|Any CPU
		{3F261DBB-C4AC-4AB9-A23C-4BE453579B0D}.Release|Any CPU.Build.0 = Release|Any CPU
		{B388BABC-AE60-4719-9EF1-2ED7CE09C683}.Debug|Any CPU.ActiveCfg = Debug|Any CPU
		{B388BABC-AE60-4719-9EF1-2ED7CE09C683}.Debug|Any CPU.Build.0 = Debug|Any CPU
		{B388BABC-AE60-4719-9EF1-2ED7CE09C683}.Release|Any CPU.ActiveCfg = Release|Any CPU
		{B388BABC-AE60-4719-9EF1-2ED7CE09C683}.Release|Any CPU.Build.0 = Release|Any CPU
		{C43821CC-E47D-4475-AA08-1FA65DCDC991}.Debug|Any CPU.ActiveCfg = Debug|Any CPU
		{C43821CC-E47D-4475-AA08-1FA65DCDC991}.Debug|Any CPU.Build.0 = Debug|Any CPU
		{C43821CC-E47D-4475-AA08-1FA65DCDC991}.Release|Any CPU.ActiveCfg = Release|Any CPU
		{C43821CC-E47D-4475-AA08-1FA65DCDC991}.Release|Any CPU.Build.0 = Release|Any CPU
		{AC325DE4-CCE1-498F-B6ED-C440FE6A10A4}.Debug|Any CPU.ActiveCfg = Debug|Any CPU
		{AC325DE4-CCE1-498F-B6ED-C440FE6A10A4}.Debug|Any CPU.Build.0 = Debug|Any CPU
		{AC325DE4-CCE1-498F-B6ED-C440FE6A10A4}.Release|Any CPU.ActiveCfg = Release|Any CPU
		{AC325DE4-CCE1-498F-B6ED-C440FE6A10A4}.Release|Any CPU.Build.0 = Release|Any CPU
	EndGlobalSection
	GlobalSection(SolutionProperties) = preSolution
		HideSolutionNode = FALSE
	EndGlobalSection
	GlobalSection(NestedProjects) = preSolution
		{C43821CC-E47D-4475-AA08-1FA65DCDC991} = {CE4412C1-478D-4FA5-B88B-55D5DC474C36}
		{AC325DE4-CCE1-498F-B6ED-C440FE6A10A4} = {CE4412C1-478D-4FA5-B88B-55D5DC474C36}
	EndGlobalSection
	GlobalSection(ExtensibilityGlobals) = postSolution
		SolutionGuid = {9693AB6F-ACAF-49B6-A09E-93F4CA04FED7}
	EndGlobalSection
EndGlobal
